// !$*UTF8*$!
{
	archiveVersion = 1;
	classes = {
	};
	objectVersion = 48;
	objects = {

/* Begin PBXBuildFile section */
		71E8867920167C6A00AF594F /* AppDelegate.swift in Sources */ = {isa = PBXBuildFile; fileRef = 71E8867820167C6A00AF594F /* AppDelegate.swift */; };
		71E8867B20167C6A00AF594F /* ViewController.swift in Sources */ = {isa = PBXBuildFile; fileRef = 71E8867A20167C6A00AF594F /* ViewController.swift */; };
		71E8867E20167C6A00AF594F /* Main.storyboard in Resources */ = {isa = PBXBuildFile; fileRef = 71E8867C20167C6A00AF594F /* Main.storyboard */; };
		71E8868020167C6A00AF594F /* Assets.xcassets in Resources */ = {isa = PBXBuildFile; fileRef = 71E8867F20167C6A00AF594F /* Assets.xcassets */; };
		71E8868320167C6A00AF594F /* LaunchScreen.storyboard in Resources */ = {isa = PBXBuildFile; fileRef = 71E8868120167C6A00AF594F /* LaunchScreen.storyboard */; };
		71E8868E20167C6A00AF594F /* Hackwich2Tests.swift in Sources */ = {isa = PBXBuildFile; fileRef = 71E8868D20167C6A00AF594F /* Hackwich2Tests.swift */; };
		71E8869920167C6A00AF594F /* Hackwich2UITests.swift in Sources */ = {isa = PBXBuildFile; fileRef = 71E8869820167C6A00AF594F /* Hackwich2UITests.swift */; };
/* End PBXBuildFile section */

/* Begin PBXContainerItemProxy section */
		71E8868A20167C6A00AF594F /* PBXContainerItemProxy */ = {
			isa = PBXContainerItemProxy;
			containerPortal = 71E8866D20167C6A00AF594F /* Project object */;
			proxyType = 1;
			remoteGlobalIDString = 71E8867420167C6A00AF594F;
			remoteInfo = Hackwich2;
		};
		71E8869520167C6A00AF594F /* PBXContainerItemProxy */ = {
			isa = PBXContainerItemProxy;
			containerPortal = 71E8866D20167C6A00AF594F /* Project object */;
			proxyType = 1;
			remoteGlobalIDString = 71E8867420167C6A00AF594F;
			remoteInfo = Hackwich2;
		};
/* End PBXContainerItemProxy section */

/* Begin PBXFileReference section */
		71E8867520167C6A00AF594F /* Hackwich2.app */ = {isa = PBXFileReference; explicitFileType = wrapper.application; includeInIndex = 0; path = Hackwich2.app; sourceTree = BUILT_PRODUCTS_DIR; };
		71E8867820167C6A00AF594F /* AppDelegate.swift */ = {isa = PBXFileReference; lastKnownFileType = sourcecode.swift; path = AppDelegate.swift; sourceTree = "<group>"; };
		71E8867A20167C6A00AF594F /* ViewController.swift */ = {isa = PBXFileReference; lastKnownFileType = sourcecode.swift; path = ViewController.swift; sourceTree = "<group>"; };
		71E8867D20167C6A00AF594F /* Base */ = {isa = PBXFileReference; lastKnownFileType = file.storyboard; name = Base; path = Base.lproj/Main.storyboard; sourceTree = "<group>"; };
		71E8867F20167C6A00AF594F /* Assets.xcassets */ = {isa = PBXFileReference; lastKnownFileType = folder.assetcatalog; path = Assets.xcassets; sourceTree = "<group>"; };
		71E8868220167C6A00AF594F /* Base */ = {isa = PBXFileReference; lastKnownFileType = file.storyboard; name = Base; path = Base.lproj/LaunchScreen.storyboard; sourceTree = "<group>"; };
		71E8868420167C6A00AF594F /* Info.plist */ = {isa = PBXFileReference; lastKnownFileType = text.plist.xml; path = Info.plist; sourceTree = "<group>"; };
		71E8868920167C6A00AF594F /* Hackwich2Tests.xctest */ = {isa = PBXFileReference; explicitFileType = wrapper.cfbundle; includeInIndex = 0; path = Hackwich2Tests.xctest; sourceTree = BUILT_PRODUCTS_DIR; };
		71E8868D20167C6A00AF594F /* Hackwich2Tests.swift */ = {isa = PBXFileReference; lastKnownFileType = sourcecode.swift; path = Hackwich2Tests.swift; sourceTree = "<group>"; };
		71E8868F20167C6A00AF594F /* Info.plist */ = {isa = PBXFileReference; lastKnownFileType = text.plist.xml; path = Info.plist; sourceTree = "<group>"; };
		71E8869420167C6A00AF594F /* Hackwich2UITests.xctest */ = {isa = PBXFileReference; explicitFileType = wrapper.cfbundle; includeInIndex = 0; path = Hackwich2UITests.xctest; sourceTree = BUILT_PRODUCTS_DIR; };
		71E8869820167C6A00AF594F /* Hackwich2UITests.swift */ = {isa = PBXFileReference; lastKnownFileType = sourcecode.swift; path = Hackwich2UITests.swift; sourceTree = "<group>"; };
		71E8869A20167C6A00AF594F /* Info.plist */ = {isa = PBXFileReference; lastKnownFileType = text.plist.xml; path = Info.plist; sourceTree = "<group>"; };
/* End PBXFileReference section */

/* Begin PBXFrameworksBuildPhase section */
		71E8867220167C6A00AF594F /* Frameworks */ = {
			isa = PBXFrameworksBuildPhase;
			buildActionMask = 2147483647;
			files = (
			);
			runOnlyForDeploymentPostprocessing = 0;
		};
		71E8868620167C6A00AF594F /* Frameworks */ = {
			isa = PBXFrameworksBuildPhase;
			buildActionMask = 2147483647;
			files = (
			);
			runOnlyForDeploymentPostprocessing = 0;
		};
		71E8869120167C6A00AF594F /* Frameworks */ = {
			isa = PBXFrameworksBuildPhase;
			buildActionMask = 2147483647;
			files = (
			);
			runOnlyForDeploymentPostprocessing = 0;
		};
/* End PBXFrameworksBuildPhase section */

/* Begin PBXGroup section */
		71E8866C20167C6A00AF594F = {
			isa = PBXGroup;
			children = (
				71E8867720167C6A00AF594F /* Hackwich2 */,
				71E8868C20167C6A00AF594F /* Hackwich2Tests */,
				71E8869720167C6A00AF594F /* Hackwich2UITests */,
				71E8867620167C6A00AF594F /* Products */,
			);
			sourceTree = "<group>";
		};
		71E8867620167C6A00AF594F /* Products */ = {
			isa = PBXGroup;
			children = (
				71E8867520167C6A00AF594F /* Hackwich2.app */,
				71E8868920167C6A00AF594F /* Hackwich2Tests.xctest */,
				71E8869420167C6A00AF594F /* Hackwich2UITests.xctest */,
			);
			name = Products;
			sourceTree = "<group>";
		};
		71E8867720167C6A00AF594F /* Hackwich2 */ = {
			isa = PBXGroup;
			children = (
				71E8867820167C6A00AF594F /* AppDelegate.swift */,
				71E8867A20167C6A00AF594F /* ViewController.swift */,
				71E8867C20167C6A00AF594F /* Main.storyboard */,
				71E8867F20167C6A00AF594F /* Assets.xcassets */,
				71E8868120167C6A00AF594F /* LaunchScreen.storyboard */,
				71E8868420167C6A00AF594F /* Info.plist */,
			);
			path = Hackwich2;
			sourceTree = "<group>";
		};
		71E8868C20167C6A00AF594F /* Hackwich2Tests */ = {
			isa = PBXGroup;
			children = (
				71E8868D20167C6A00AF594F /* Hackwich2Tests.swift */,
				71E8868F20167C6A00AF594F /* Info.plist */,
			);
			path = Hackwich2Tests;
			sourceTree = "<group>";
		};
		71E8869720167C6A00AF594F /* Hackwich2UITests */ = {
			isa = PBXGroup;
			children = (
				71E8869820167C6A00AF594F /* Hackwich2UITests.swift */,
				71E8869A20167C6A00AF594F /* Info.plist */,
			);
			path = Hackwich2UITests;
			sourceTree = "<group>";
		};
/* End PBXGroup section */

/* Begin PBXNativeTarget section */
		71E8867420167C6A00AF594F /* Hackwich2 */ = {
			isa = PBXNativeTarget;
			buildConfigurationList = 71E8869D20167C6A00AF594F /* Build configuration list for PBXNativeTarget "Hackwich2" */;
			buildPhases = (
				71E8867120167C6A00AF594F /* Sources */,
				71E8867220167C6A00AF594F /* Frameworks */,
				71E8867320167C6A00AF594F /* Resources */,
			);
			buildRules = (
			);
			dependencies = (
			);
			name = Hackwich2;
			productName = Hackwich2;
			productReference = 71E8867520167C6A00AF594F /* Hackwich2.app */;
			productType = "com.apple.product-type.application";
		};
		71E8868820167C6A00AF594F /* Hackwich2Tests */ = {
			isa = PBXNativeTarget;
			buildConfigurationList = 71E886A020167C6A00AF594F /* Build configuration list for PBXNativeTarget "Hackwich2Tests" */;
			buildPhases = (
				71E8868520167C6A00AF594F /* Sources */,
				71E8868620167C6A00AF594F /* Frameworks */,
				71E8868720167C6A00AF594F /* Resources */,
			);
			buildRules = (
			);
			dependencies = (
				71E8868B20167C6A00AF594F /* PBXTargetDependency */,
			);
			name = Hackwich2Tests;
			productName = Hackwich2Tests;
			productReference = 71E8868920167C6A00AF594F /* Hackwich2Tests.xctest */;
			productType = "com.apple.product-type.bundle.unit-test";
		};
		71E8869320167C6A00AF594F /* Hackwich2UITests */ = {
			isa = PBXNativeTarget;
			buildConfigurationList = 71E886A320167C6A00AF594F /* Build configuration list for PBXNativeTarget "Hackwich2UITests" */;
			buildPhases = (
				71E8869020167C6A00AF594F /* Sources */,
				71E8869120167C6A00AF594F /* Frameworks */,
				71E8869220167C6A00AF594F /* Resources */,
			);
			buildRules = (
			);
			dependencies = (
				71E8869620167C6A00AF594F /* PBXTargetDependency */,
			);
			name = Hackwich2UITests;
			productName = Hackwich2UITests;
			productReference = 71E8869420167C6A00AF594F /* Hackwich2UITests.xctest */;
			productType = "com.apple.product-type.bundle.ui-testing";
		};
/* End PBXNativeTarget section */

/* Begin PBXProject section */
		71E8866D20167C6A00AF594F /* Project object */ = {
			isa = PBXProject;
			attributes = {
				LastSwiftUpdateCheck = 0920;
				LastUpgradeCheck = 0920;
				ORGANIZATIONNAME = "Kevin Bechayda";
				TargetAttributes = {
					71E8867420167C6A00AF594F = {
						CreatedOnToolsVersion = 9.2;
						ProvisioningStyle = Automatic;
					};
					71E8868820167C6A00AF594F = {
						CreatedOnToolsVersion = 9.2;
						ProvisioningStyle = Automatic;
						TestTargetID = 71E8867420167C6A00AF594F;
					};
					71E8869320167C6A00AF594F = {
						CreatedOnToolsVersion = 9.2;
						ProvisioningStyle = Automatic;
						TestTargetID = 71E8867420167C6A00AF594F;
					};
				};
			};
			buildConfigurationList = 71E8867020167C6A00AF594F /* Build configuration list for PBXProject "Hackwich2" */;
			compatibilityVersion = "Xcode 8.0";
			developmentRegion = en;
			hasScannedForEncodings = 0;
			knownRegions = (
				en,
				Base,
			);
			mainGroup = 71E8866C20167C6A00AF594F;
			productRefGroup = 71E8867620167C6A00AF594F /* Products */;
			projectDirPath = "";
			projectRoot = "";
			targets = (
				71E8867420167C6A00AF594F /* Hackwich2 */,
				71E8868820167C6A00AF594F /* Hackwich2Tests */,
				71E8869320167C6A00AF594F /* Hackwich2UITests */,
			);
		};
/* End PBXProject section */

/* Begin PBXResourcesBuildPhase section */
		71E8867320167C6A00AF594F /* Resources */ = {
			isa = PBXResourcesBuildPhase;
			buildActionMask = 2147483647;
			files = (
				71E8868320167C6A00AF594F /* LaunchScreen.storyboard in Resources */,
				71E8868020167C6A00AF594F /* Assets.xcassets in Resources */,
				71E8867E20167C6A00AF594F /* Main.storyboard in Resources */,
			);
			runOnlyForDeploymentPostprocessing = 0;
		};
		71E8868720167C6A00AF594F /* Resources */ = {
			isa = PBXResourcesBuildPhase;
			buildActionMask = 2147483647;
			files = (
			);
			runOnlyForDeploymentPostprocessing = 0;
		};
		71E8869220167C6A00AF594F /* Resources */ = {
			isa = PBXResourcesBuildPhase;
			buildActionMask = 2147483647;
			files = (
			);
			runOnlyForDeploymentPostprocessing = 0;
		};
/* End PBXResourcesBuildPhase section */

/* Begin PBXSourcesBuildPhase section */
		71E8867120167C6A00AF594F /* Sources */ = {
			isa = PBXSourcesBuildPhase;
			buildActionMask = 2147483647;
			files = (
				71E8867B20167C6A00AF594F /* ViewController.swift in Sources */,
				71E8867920167C6A00AF594F /* AppDelegate.swift in Sources */,
			);
			runOnlyForDeploymentPostprocessing = 0;
		};
		71E8868520167C6A00AF594F /* Sources */ = {
			isa = PBXSourcesBuildPhase;
			buildActionMask = 2147483647;
			files = (
				71E8868E20167C6A00AF594F /* Hackwich2Tests.swift in Sources */,
			);
			runOnlyForDeploymentPostprocessing = 0;
		};
		71E8869020167C6A00AF594F /* Sources */ = {
			isa = PBXSourcesBuildPhase;
			buildActionMask = 2147483647;
			files = (
				71E8869920167C6A00AF594F /* Hackwich2UITests.swift in Sources */,
			);
			runOnlyForDeploymentPostprocessing = 0;
		};
/* End PBXSourcesBuildPhase section */

/* Begin PBXTargetDependency section */
		71E8868B20167C6A00AF594F /* PBXTargetDependency */ = {
			isa = PBXTargetDependency;
			target = 71E8867420167C6A00AF594F /* Hackwich2 */;
			targetProxy = 71E8868A20167C6A00AF594F /* PBXContainerItemProxy */;
		};
		71E8869620167C6A00AF594F /* PBXTargetDependency */ = {
			isa = PBXTargetDependency;
			target = 71E8867420167C6A00AF594F /* Hackwich2 */;
			targetProxy = 71E8869520167C6A00AF594F /* PBXContainerItemProxy */;
		};
/* End PBXTargetDependency section */

/* Begin PBXVariantGroup section */
		71E8867C20167C6A00AF594F /* Main.storyboard */ = {
			isa = PBXVariantGroup;
			children = (
				71E8867D20167C6A00AF594F /* Base */,
			);
			name = Main.storyboard;
			sourceTree = "<group>";
		};
		71E8868120167C6A00AF594F /* LaunchScreen.storyboard */ = {
			isa = PBXVariantGroup;
			children = (
				71E8868220167C6A00AF594F /* Base */,
			);
			name = LaunchScreen.storyboard;
			sourceTree = "<group>";
		};
/* End PBXVariantGroup section */

/* Begin XCBuildConfiguration section */
		71E8869B20167C6A00AF594F /* Debug */ = {
			isa = XCBuildConfiguration;
			buildSettings = {
				ALWAYS_SEARCH_USER_PATHS = NO;
				CLANG_ANALYZER_NONNULL = YES;
				CLANG_ANALYZER_NUMBER_OBJECT_CONVERSION = YES_AGGRESSIVE;
				CLANG_CXX_LANGUAGE_STANDARD = "gnu++14";
				CLANG_CXX_LIBRARY = "libc++";
				CLANG_ENABLE_MODULES = YES;
				CLANG_ENABLE_OBJC_ARC = YES;
				CLANG_WARN_BLOCK_CAPTURE_AUTORELEASING = YES;
				CLANG_WARN_BOOL_CONVERSION = YES;
				CLANG_WARN_COMMA = YES;
				CLANG_WARN_CONSTANT_CONVERSION = YES;
				CLANG_WARN_DIRECT_OBJC_ISA_USAGE = YES_ERROR;
				CLANG_WARN_DOCUMENTATION_COMMENTS = YES;
				CLANG_WARN_EMPTY_BODY = YES;
				CLANG_WARN_ENUM_CONVERSION = YES;
				CLANG_WARN_INFINITE_RECURSION = YES;
				CLANG_WARN_INT_CONVERSION = YES;
				CLANG_WARN_NON_LITERAL_NULL_CONVERSION = YES;
				CLANG_WARN_OBJC_LITERAL_CONVERSION = YES;
				CLANG_WARN_OBJC_ROOT_CLASS = YES_ERROR;
				CLANG_WARN_RANGE_LOOP_ANALYSIS = YES;
				CLANG_WARN_STRICT_PROTOTYPES = YES;
				CLANG_WARN_SUSPICIOUS_MOVE = YES;
				CLANG_WARN_UNGUARDED_AVAILABILITY = YES_AGGRESSIVE;
				CLANG_WARN_UNREACHABLE_CODE = YES;
				CLANG_WARN__DUPLICATE_METHOD_MATCH = YES;
				CODE_SIGN_IDENTITY = "iPhone Developer";
				COPY_PHASE_STRIP = NO;
				DEBUG_INFORMATION_FORMAT = dwarf;
				ENABLE_STRICT_OBJC_MSGSEND = YES;
				ENABLE_TESTABILITY = YES;
				GCC_C_LANGUAGE_STANDARD = gnu11;
				GCC_DYNAMIC_NO_PIC = NO;
				GCC_NO_COMMON_BLOCKS = YES;
				GCC_OPTIMIZATION_LEVEL = 0;
				GCC_PREPROCESSOR_DEFINITIONS = (
					"DEBUG=1",
					"$(inherited)",
				);
				GCC_WARN_64_TO_32_BIT_CONVERSION = YES;
				GCC_WARN_ABOUT_RETURN_TYPE = YES_ERROR;
				GCC_WARN_UNDECLARED_SELECTOR = YES;
				GCC_WARN_UNINITIALIZED_AUTOS = YES_AGGRESSIVE;
				GCC_WARN_UNUSED_FUNCTION = YES;
				GCC_WARN_UNUSED_VARIABLE = YES;
				IPHONEOS_DEPLOYMENT_TARGET = 11.2;
				MTL_ENABLE_DEBUG_INFO = YES;
				ONLY_ACTIVE_ARCH = YES;
				SDKROOT = iphoneos;
				SWIFT_ACTIVE_COMPILATION_CONDITIONS = DEBUG;
				SWIFT_OPTIMIZATION_LEVEL = "-Onone";
			};
			name = Debug;
		};
		71E8869C20167C6A00AF594F /* Release */ = {
			isa = XCBuildConfiguration;
			buildSettings = {
				ALWAYS_SEARCH_USER_PATHS = NO;
				CLANG_ANALYZER_NONNULL = YES;
				CLANG_ANALYZER_NUMBER_OBJECT_CONVERSION = YES_AGGRESSIVE;
				CLANG_CXX_LANGUAGE_STANDARD = "gnu++14";
				CLANG_CXX_LIBRARY = "libc++";
				CLANG_ENABLE_MODULES = YES;
				CLANG_ENABLE_OBJC_ARC = YES;
				CLANG_WARN_BLOCK_CAPTURE_AUTORELEASING = YES;
				CLANG_WARN_BOOL_CONVERSION = YES;
				CLANG_WARN_COMMA = YES;
				CLANG_WARN_CONSTANT_CONVERSION = YES;
				CLANG_WARN_DIRECT_OBJC_ISA_USAGE = YES_ERROR;
				CLANG_WARN_DOCUMENTATION_COMMENTS = YES;
				CLANG_WARN_EMPTY_BODY = YES;
				CLANG_WARN_ENUM_CONVERSION = YES;
				CLANG_WARN_INFINITE_RECURSION = YES;
				CLANG_WARN_INT_CONVERSION = YES;
				CLANG_WARN_NON_LITERAL_NULL_CONVERSION = YES;
				CLANG_WARN_OBJC_LITERAL_CONVERSION = YES;
				CLANG_WARN_OBJC_ROOT_CLASS = YES_ERROR;
				CLANG_WARN_RANGE_LOOP_ANALYSIS = YES;
				CLANG_WARN_STRICT_PROTOTYPES = YES;
				CLANG_WARN_SUSPICIOUS_MOVE = YES;
				CLANG_WARN_UNGUARDED_AVAILABILITY = YES_AGGRESSIVE;
				CLANG_WARN_UNREACHABLE_CODE = YES;
				CLANG_WARN__DUPLICATE_METHOD_MATCH = YES;
				CODE_SIGN_IDENTITY = "iPhone Developer";
				COPY_PHASE_STRIP = NO;
				DEBUG_INFORMATION_FORMAT = "dwarf-with-dsym";
				ENABLE_NS_ASSERTIONS = NO;
				ENABLE_STRICT_OBJC_MSGSEND = YES;
				GCC_C_LANGUAGE_STANDARD = gnu11;
				GCC_NO_COMMON_BLOCKS = YES;
				GCC_WARN_64_TO_32_BIT_CONVERSION = YES;
				GCC_WARN_ABOUT_RETURN_TYPE = YES_ERROR;
				GCC_WARN_UNDECLARED_SELECTOR = YES;
				GCC_WARN_UNINITIALIZED_AUTOS = YES_AGGRESSIVE;
				GCC_WARN_UNUSED_FUNCTION = YES;
				GCC_WARN_UNUSED_VARIABLE = YES;
				IPHONEOS_DEPLOYMENT_TARGET = 11.2;
				MTL_ENABLE_DEBUG_INFO = NO;
				SDKROOT = iphoneos;
				SWIFT_OPTIMIZATION_LEVEL = "-Owholemodule";
				VALIDATE_PRODUCT = YES;
			};
			name = Release;
		};
		71E8869E20167C6A00AF594F /* Debug */ = {
			isa = XCBuildConfiguration;
			buildSettings = {
				ASSETCATALOG_COMPILER_APPICON_NAME = AppIcon;
				CODE_SIGN_STYLE = Automatic;
				INFOPLIST_FILE = Hackwich2/Info.plist;
				LD_RUNPATH_SEARCH_PATHS = "$(inherited) @executable_path/Frameworks";
				PRODUCT_BUNDLE_IDENTIFIER = UHWO.Hackwich2;
				PRODUCT_NAME = "$(TARGET_NAME)";
				SWIFT_VERSION = 4.0;
				TARGETED_DEVICE_FAMILY = "1,2";
			};
			name = Debug;
		};
		71E8869F20167C6A00AF594F /* Release */ = {
			isa = XCBuildConfiguration;
			buildSettings = {
				ASSETCATALOG_COMPILER_APPICON_NAME = AppIcon;
				CODE_SIGN_STYLE = Automatic;
				INFOPLIST_FILE = Hackwich2/Info.plist;
				LD_RUNPATH_SEARCH_PATHS = "$(inherited) @executable_path/Frameworks";
				PRODUCT_BUNDLE_IDENTIFIER = UHWO.Hackwich2;
				PRODUCT_NAME = "$(TARGET_NAME)";
				SWIFT_VERSION = 4.0;
				TARGETED_DEVICE_FAMILY = "1,2";
			};
			name = Release;
		};
		71E886A120167C6A00AF594F /* Debug */ = {
			isa = XCBuildConfiguration;
			buildSettings = {
				ALWAYS_EMBED_SWIFT_STANDARD_LIBRARIES = YES;
				BUNDLE_LOADER = "$(TEST_HOST)";
				CODE_SIGN_STYLE = Automatic;
				INFOPLIST_FILE = Hackwich2Tests/Info.plist;
				LD_RUNPATH_SEARCH_PATHS = "$(inherited) @executable_path/Frameworks @loader_path/Frameworks";
				PRODUCT_BUNDLE_IDENTIFIER = UHWO.Hackwich2Tests;
				PRODUCT_NAME = "$(TARGET_NAME)";
				SWIFT_VERSION = 4.0;
				TARGETED_DEVICE_FAMILY = "1,2";
				TEST_HOST = "$(BUILT_PRODUCTS_DIR)/Hackwich2.app/Hackwich2";
			};
			name = Debug;
		};
		71E886A220167C6A00AF594F /* Release */ = {
			isa = XCBuildConfiguration;
			buildSettings = {
				ALWAYS_EMBED_SWIFT_STANDARD_LIBRARIES = YES;
				BUNDLE_LOADER = "$(TEST_HOST)";
				CODE_SIGN_STYLE = Automatic;
				INFOPLIST_FILE = Hackwich2Tests/Info.plist;
				LD_RUNPATH_SEARCH_PATHS = "$(inherited) @executable_path/Frameworks @loader_path/Frameworks";
				PRODUCT_BUNDLE_IDENTIFIER = UHWO.Hackwich2Tests;
				PRODUCT_NAME = "$(TARGET_NAME)";
				SWIFT_VERSION = 4.0;
				TARGETED_DEVICE_FAMILY = "1,2";
				TEST_HOST = "$(BUILT_PRODUCTS_DIR)/Hackwich2.app/Hackwich2";
			};
			name = Release;
		};
		71E886A420167C6A00AF594F /* Debug */ = {
			isa = XCBuildConfiguration;
			buildSettings = {
				ALWAYS_EMBED_SWIFT_STANDARD_LIBRARIES = YES;
				CODE_SIGN_STYLE = Automatic;
				INFOPLIST_FILE = Hackwich2UITests/Info.plist;
				LD_RUNPATH_SEARCH_PATHS = "$(inherited) @executable_path/Frameworks @loader_path/Frameworks";
				PRODUCT_BUNDLE_IDENTIFIER = UHWO.Hackwich2UITests;
				PRODUCT_NAME = "$(TARGET_NAME)";
				SWIFT_VERSION = 4.0;
				TARGETED_DEVICE_FAMILY = "1,2";
				TEST_TARGET_NAME = Hackwich2;
			};
			name = Debug;
		};
		71E886A520167C6A00AF594F /* Release */ = {
			isa = XCBuildConfiguration;
			buildSettings = {
				ALWAYS_EMBED_SWIFT_STANDARD_LIBRARIES = YES;
				CODE_SIGN_STYLE = Automatic;
				INFOPLIST_FILE = Hackwich2UITests/Info.plist;
				LD_RUNPATH_SEARCH_PATHS = "$(inherited) @executable_path/Frameworks @loader_path/Frameworks";
				PRODUCT_BUNDLE_IDENTIFIER = UHWO.Hackwich2UITests;
				PRODUCT_NAME = "$(TARGET_NAME)";
				SWIFT_VERSION = 4.0;
				TARGETED_DEVICE_FAMILY = "1,2";
				TEST_TARGET_NAME = Hackwich2;
			};
			name = Release;
		};
/* End XCBuildConfiguration section */

/* Begin XCConfigurationList section */
		71E8867020167C6A00AF594F /* Build configuration list for PBXProject "Hackwich2" */ = {
			isa = XCConfigurationList;
			buildConfigurations = (
				71E8869B20167C6A00AF594F /* Debug */,
				71E8869C20167C6A00AF594F /* Release */,
			);
			defaultConfigurationIsVisible = 0;
			defaultConfigurationName = Release;
		};
		71E8869D20167C6A00AF594F /* Build configuration list for PBXNativeTarget "Hackwich2" */ = {
			isa = XCConfigurationList;
			buildConfigurations = (
				71E8869E20167C6A00AF594F /* Debug */,
				71E8869F20167C6A00AF594F /* Release */,
			);
			defaultConfigurationIsVisible = 0;
			defaultConfigurationName = Release;
		};
		71E886A020167C6A00AF594F /* Build configuration list for PBXNativeTarget "Hackwich2Tests" */ = {
			isa = XCConfigurationList;
			buildConfigurations = (
				71E886A120167C6A00AF594F /* Debug */,
				71E886A220167C6A00AF594F /* Release */,
			);
			defaultConfigurationIsVisible = 0;
			defaultConfigurationName = Release;
		};
		71E886A320167C6A00AF594F /* Build configuration list for PBXNativeTarget "Hackwich2UITests" */ = {
			isa = XCConfigurationList;
			buildConfigurations = (
				71E886A420167C6A00AF594F /* Debug */,
				71E886A520167C6A00AF594F /* Release */,
			);
			defaultConfigurationIsVisible = 0;
			defaultConfigurationName = Release;
		};
/* End XCConfigurationList section */
	};
	rootObject = 71E8866D20167C6A00AF594F /* Project object */;
}
